
Microsoft Visual Studio Solution File, Format Version 12.00
# Visual Studio Version 16
VisualStudioVersion = 16.0.30611.23
MinimumVisualStudioVersion = 10.0.40219.1
Project("{9A19103F-16F7-4668-BE54-9A1E7A4F7556}") = "iPaaSDemoProj", "iPaaSDemoProj.csproj", "{56222BF0-2E1B-4CCF-9459-1140FFB4322E}"
EndProject
Project("{9A19103F-16F7-4668-BE54-9A1E7A4F7556}") = "ImageDetails", "..\ImageDetails\ImageDetails.csproj", "{10CE5205-0973-4B11-BF0A-66ADB68D66E3}"
EndProject
Global
	GlobalSection(SolutionConfigurationPlatforms) = preSolution
		Debug|Any CPU = Debug|Any CPU
		Release|Any CPU = Release|Any CPU
	EndGlobalSection
	GlobalSection(ProjectConfigurationPlatforms) = postSolution
		{56222BF0-2E1B-4CCF-9459-1140FFB4322E}.Debug|Any CPU.ActiveCfg = Debug|Any CPU
		{56222BF0-2E1B-4CCF-9459-1140FFB4322E}.Debug|Any CPU.Build.0 = Debug|Any CPU
		{56222BF0-2E1B-4CCF-9459-1140FFB4322E}.Release|Any CPU.ActiveCfg = Release|Any CPU
		{56222BF0-2E1B-4CCF-9459-1140FFB4322E}.Release|Any CPU.Build.0 = Release|Any CPU
		{10CE5205-0973-4B11-BF0A-66ADB68D66E3}.Debug|Any CPU.ActiveCfg = Debug|Any CPU
		{10CE5205-0973-4B11-BF0A-66ADB68D66E3}.Debug|Any CPU.Build.0 = Debug|Any CPU
		{10CE5205-0973-4B11-BF0A-66ADB68D66E3}.Release|Any CPU.ActiveCfg = Release|Any CPU
		{10CE5205-0973-4B11-BF0A-66ADB68D66E3}.Release|Any CPU.Build.0 = Release|Any CPU
	EndGlobalSection
	GlobalSection(SolutionProperties) = preSolution
		HideSolutionNode = FALSE
	EndGlobalSection
	GlobalSection(ExtensibilityGlobals) = postSolution
		SolutionGuid = {7E06A35B-12FD-4851-A3BC-1C50C7A58D80}
	EndGlobalSection
EndGlobal
